
Microsoft Visual Studio Solution File, Format Version 12.00
# Visual Studio Version 16
VisualStudioVersion = 16.0.31515.178
MinimumVisualStudioVersion = 10.0.40219.1
Project("{FAE04EC0-301F-11D3-BF4B-00C04F79EFBC}") = "OrderProcessing.BusinessRuleEngine.ConsoleApp.UnitTests", "OrderProcessing.BusinessRuleEngine.ConsoleApp.UnitTests.csproj", "{FB416C8B-26D0-49AC-9B6A-4A70B1E00410}"
EndProject
Project("{FAE04EC0-301F-11D3-BF4B-00C04F79EFBC}") = "OrderProcessing.BusinessRuleEngine.ConsoleApp", "..\OrderProcessing.BusinessRuleEngine.ConsoleApp\OrderProcessing.BusinessRuleEngine.ConsoleApp.csproj", "{A7E38B41-8043-4DC7-9891-88EAF4367A2D}"
EndProject
Global
	GlobalSection(SolutionConfigurationPlatforms) = preSolution
		Debug|Any CPU = Debug|Any CPU
		Release|Any CPU = Release|Any CPU
	EndGlobalSection
	GlobalSection(ProjectConfigurationPlatforms) = postSolution
		{FB416C8B-26D0-49AC-9B6A-4A70B1E00410}.Debug|Any CPU.ActiveCfg = Debug|Any CPU
		{FB416C8B-26D0-49AC-9B6A-4A70B1E00410}.Debug|Any CPU.Build.0 = Debug|Any CPU
		{FB416C8B-26D0-49AC-9B6A-4A70B1E00410}.Release|Any CPU.ActiveCfg = Release|Any CPU
		{FB416C8B-26D0-49AC-9B6A-4A70B1E00410}.Release|Any CPU.Build.0 = Release|Any CPU
		{A7E38B41-8043-4DC7-9891-88EAF4367A2D}.Debug|Any CPU.ActiveCfg = Debug|Any CPU
		{A7E38B41-8043-4DC7-9891-88EAF4367A2D}.Debug|Any CPU.Build.0 = Debug|Any CPU
		{A7E38B41-8043-4DC7-9891-88EAF4367A2D}.Release|Any CPU.ActiveCfg = Release|Any CPU
		{A7E38B41-8043-4DC7-9891-88EAF4367A2D}.Release|Any CPU.Build.0 = Release|Any CPU
	EndGlobalSection
	GlobalSection(SolutionProperties) = preSolution
		HideSolutionNode = FALSE
	EndGlobalSection
	GlobalSection(ExtensibilityGlobals) = postSolution
		SolutionGuid = {E79FB6B2-F3D1-440D-A878-DE1D052773B0}
	EndGlobalSection
EndGlobal
